
Microsoft Visual Studio Solution File, Format Version 12.00
# Visual Studio Version 16
VisualStudioVersion = 16.0.31402.337
MinimumVisualStudioVersion = 10.0.40219.1
Project("{8BC9CEB8-8B4A-11D0-8D11-00A0C91BC942}") = "AsioOnly", "AsioOnly.vcxproj", "{A960EC43-B31C-423C-9EE9-9F772A0F4616}"
EndProject
Global
	GlobalSection(SolutionConfigurationPlatforms) = preSolution
		Debug|x64 = Debug|x64
		Debug|x86 = Debug|x86
		Release|x64 = Release|x64
		Release|x86 = Release|x86
	EndGlobalSection
	GlobalSection(ProjectConfigurationPlatforms) = postSolution
		{A960EC43-B31C-423C-9EE9-9F772A0F4616}.Debug|x64.ActiveCfg = Debug|x64
		{A960EC43-B31C-423C-9EE9-9F772A0F4616}.Debug|x64.Build.0 = Debug|x64
		{A960EC43-B31C-423C-9EE9-9F772A0F4616}.Debug|x86.ActiveCfg = Debug|Win32
		{A960EC43-B31C-423C-9EE9-9F772A0F4616}.Debug|x86.Build.0 = Debug|Win32
		{A960EC43-B31C-423C-9EE9-9F772A0F4616}.Release|x64.ActiveCfg = Release|x64
		{A960EC43-B31C-423C-9EE9-9F772A0F4616}.Release|x64.Build.0 = Release|x64
		{A960EC43-B31C-423C-9EE9-9F772A0F4616}.Release|x86.ActiveCfg = Release|Win32
		{A960EC43-B31C-423C-9EE9-9F772A0F4616}.Release|x86.Build.0 = Release|Win32
	EndGlobalSection
	GlobalSection(SolutionProperties) = preSolution
		HideSolutionNode = FALSE
	EndGlobalSection
	GlobalSection(ExtensibilityGlobals) = postSolution
		SolutionGuid = {ED08185A-859A-49EB-98B0-B0098328FA03}
	EndGlobalSection
EndGlobal
